
Microsoft Visual Studio Solution File, Format Version 12.00
# Visual Studio Version 16
VisualStudioVersion = 16.0.32407.337
MinimumVisualStudioVersion = 10.0.40219.1
Project("{8BC9CEB8-8B4A-11D0-8D11-00A0C91BC942}") = "fr01", "fr01\fr01.vcxproj", "{707119EB-3981-463C-BA18-20116EF732BE}"
EndProject
Project("{8BC9CEB8-8B4A-11D0-8D11-00A0C91BC942}") = "fr02", "fr02\fr02.vcxproj", "{E5047F93-958C-4C6A-BBBF-6190488E88EE}"
EndProject
Project("{8BC9CEB8-8B4A-11D0-8D11-00A0C91BC942}") = "fr03", "fr03\fr03.vcxproj", "{EBF8F545-F491-4FEE-B99C-FB756FB3ED67}"
EndProject
Project("{8BC9CEB8-8B4A-11D0-8D11-00A0C91BC942}") = "fr04", "fr04\fr04.vcxproj", "{DE3221A6-6104-4182-8D53-ECBB6B14F503}"
EndProject
Project("{8BC9CEB8-8B4A-11D0-8D11-00A0C91BC942}") = "fr05", "fr05\fr05.vcxproj", "{68D36FA3-F48E-4A4E-9BBF-488504B28696}"
EndProject
Project("{8BC9CEB8-8B4A-11D0-8D11-00A0C91BC942}") = "fr06", "fr06\fr06.vcxproj", "{6475A4F7-3659-4CBF-9170-C84650931C15}"
EndProject
Project("{8BC9CEB8-8B4A-11D0-8D11-00A0C91BC942}") = "fr07", "fr07\fr07.vcxproj", "{F27D6B72-4BA4-4526-B03C-3D0AB79865E8}"
EndProject
Project("{8BC9CEB8-8B4A-11D0-8D11-00A0C91BC942}") = "fr08", "fr08\fr08.vcxproj", "{8BFC4CF5-8C86-47E1-BA14-04F6E0889E71}"
EndProject
Project("{8BC9CEB8-8B4A-11D0-8D11-00A0C91BC942}") = "fr09", "fr09\fr09.vcxproj", "{193115F7-1B51-4741-B48C-4FDBBE8A0796}"
EndProject
Project("{8BC9CEB8-8B4A-11D0-8D11-00A0C91BC942}") = "fr10", "fr10\fr10.vcxproj", "{765D86FC-5320-435C-9C9A-7F05F3001257}"
EndProject
Project("{8BC9CEB8-8B4A-11D0-8D11-00A0C91BC942}") = "fr11", "fr11\fr11.vcxproj", "{80A01E50-A5B8-4002-8741-8B96A51A56FB}"
EndProject
Project("{8BC9CEB8-8B4A-11D0-8D11-00A0C91BC942}") = "fr12", "fr12\fr12.vcxproj", "{ED004F68-93B1-40E1-95C1-37644025E24D}"
EndProject
Global
	GlobalSection(SolutionConfigurationPlatforms) = preSolution
		Debug|x64 = Debug|x64
		Debug|x86 = Debug|x86
		Release|x64 = Release|x64
		Release|x86 = Release|x86
	EndGlobalSection
	GlobalSection(ProjectConfigurationPlatforms) = postSolution
		{707119EB-3981-463C-BA18-20116EF732BE}.Debug|x64.ActiveCfg = Debug|x64
		{707119EB-3981-463C-BA18-20116EF732BE}.Debug|x64.Build.0 = Debug|x64
		{707119EB-3981-463C-BA18-20116EF732BE}.Debug|x86.ActiveCfg = Debug|Win32
		{707119EB-3981-463C-BA18-20116EF732BE}.Debug|x86.Build.0 = Debug|Win32
		{707119EB-3981-463C-BA18-20116EF732BE}.Release|x64.ActiveCfg = Release|x64
		{707119EB-3981-463C-BA18-20116EF732BE}.Release|x64.Build.0 = Release|x64
		{707119EB-3981-463C-BA18-20116EF732BE}.Release|x86.ActiveCfg = Release|Win32
		{707119EB-3981-463C-BA18-20116EF732BE}.Release|x86.Build.0 = Release|Win32
		{E5047F93-958C-4C6A-BBBF-6190488E88EE}.Debug|x64.ActiveCfg = Debug|x64
		{E5047F93-958C-4C6A-BBBF-6190488E88EE}.Debug|x64.Build.0 = Debug|x64
		{E5047F93-958C-4C6A-BBBF-6190488E88EE}.Debug|x86.ActiveCfg = Debug|Win32
		{E5047F93-958C-4C6A-BBBF-6190488E88EE}.Debug|x86.Build.0 = Debug|Win32
		{E5047F93-958C-4C6A-BBBF-6190488E88EE}.Release|x64.ActiveCfg = Release|x64
		{E5047F93-958C-4C6A-BBBF-6190488E88EE}.Release|x64.Build.0 = Release|x64
		{E5047F93-958C-4C6A-BBBF-6190488E88EE}.Release|x86.ActiveCfg = Release|Win32
		{E5047F93-958C-4C6A-BBBF-6190488E88EE}.Release|x86.Build.0 = Release|Win32
		{EBF8F545-F491-4FEE-B99C-FB756FB3ED67}.Debug|x64.ActiveCfg = Debug|x64
		{EBF8F545-F491-4FEE-B99C-FB756FB3ED67}.Debug|x64.Build.0 = Debug|x64
		{EBF8F545-F491-4FEE-B99C-FB756FB3ED67}.Debug|x86.ActiveCfg = Debug|Win32
		{EBF8F545-F491-4FEE-B99C-FB756FB3ED67}.Debug|x86.Build.0 = Debug|Win32
		{EBF8F545-F491-4FEE-B99C-FB756FB3ED67}.Release|x64.ActiveCfg = Release|x64
		{EBF8F545-F491-4FEE-B99C-FB756FB3ED67}.Release|x64.Build.0 = Release|x64
		{EBF8F545-F491-4FEE-B99C-FB756FB3ED67}.Release|x86.ActiveCfg = Release|Win32
		{EBF8F545-F491-4FEE-B99C-FB756FB3ED67}.Release|x86.Build.0 = Release|Win32
		{DE3221A6-6104-4182-8D53-ECBB6B14F503}.Debug|x64.ActiveCfg = Debug|x64
		{DE3221A6-6104-4182-8D53-ECBB6B14F503}.Debug|x64.Build.0 = Debug|x64
		{DE3221A6-6104-4182-8D53-ECBB6B14F503}.Debug|x86.ActiveCfg = Debug|Win32
		{DE3221A6-6104-4182-8D53-ECBB6B14F503}.Debug|x86.Build.0 = Debug|Win32
		{DE3221A6-6104-4182-8D53-ECBB6B14F503}.Release|x64.ActiveCfg = Release|x64
		{DE3221A6-6104-4182-8D53-ECBB6B14F503}.Release|x64.Build.0 = Release|x64
		{DE3221A6-6104-4182-8D53-ECBB6B14F503}.Release|x86.ActiveCfg = Release|Win32
		{DE3221A6-6104-4182-8D53-ECBB6B14F503}.Release|x86.Build.0 = Release|Win32
		{68D36FA3-F48E-4A4E-9BBF-488504B28696}.Debug|x64.ActiveCfg = Debug|x64
		{68D36FA3-F48E-4A4E-9BBF-488504B28696}.Debug|x64.Build.0 = Debug|x64
		{68D36FA3-F48E-4A4E-9BBF-488504B28696}.Debug|x86.ActiveCfg = Debug|Win32
		{68D36FA3-F48E-4A4E-9BBF-488504B28696}.Debug|x86.Build.0 = Debug|Win32
		{68D36FA3-F48E-4A4E-9BBF-488504B28696}.Release|x64.ActiveCfg = Release|x64
		{68D36FA3-F48E-4A4E-9BBF-488504B28696}.Release|x64.Build.0 = Release|x64
		{68D36FA3-F48E-4A4E-9BBF-488504B28696}.Release|x86.ActiveCfg = Release|Win32
		{68D36FA3-F48E-4A4E-9BBF-488504B28696}.Release|x86.Build.0 = Release|Win32
		{6475A4F7-3659-4CBF-9170-C84650931C15}.Debug|x64.ActiveCfg = Debug|x64
		{6475A4F7-3659-4CBF-9170-C84650931C15}.Debug|x64.Build.0 = Debug|x64
		{6475A4F7-3659-4CBF-9170-C84650931C15}.Debug|x86.ActiveCfg = Debug|Win32
		{6475A4F7-3659-4CBF-9170-C84650931C15}.Debug|x86.Build.0 = Debug|Win32
		{6475A4F7-3659-4CBF-9170-C84650931C15}.Release|x64.ActiveCfg = Release|x64
		{6475A4F7-3659-4CBF-9170-C84650931C15}.Release|x64.Build.0 = Release|x64
		{6475A4F7-3659-4CBF-9170-C84650931C15}.Release|x86.ActiveCfg = Release|Win32
		{6475A4F7-3659-4CBF-9170-C84650931C15}.Release|x86.Build.0 = Release|Win32
		{F27D6B72-4BA4-4526-B03C-3D0AB79865E8}.Debug|x64.ActiveCfg = Debug|x64
		{F27D6B72-4BA4-4526-B03C-3D0AB79865E8}.Debug|x64.Build.0 = Debug|x64
		{F27D6B72-4BA4-4526-B03C-3D0AB79865E8}.Debug|x86.ActiveCfg = Debug|Win32
		{F27D6B72-4BA4-4526-B03C-3D0AB79865E8}.Debug|x86.Build.0 = Debug|Win32
		{F27D6B72-4BA4-4526-B03C-3D0AB79865E8}.Release|x64.ActiveCfg = Release|x64
		{F27D6B72-4BA4-4526-B03C-3D0AB79865E8}.Release|x64.Build.0 = Release|x64
		{F27D6B72-4BA4-4526-B03C-3D0AB79865E8}.Release|x86.ActiveCfg = Release|Win32
		{F27D6B72-4BA4-4526-B03C-3D0AB79865E8}.Release|x86.Build.0 = Release|Win32
		{8BFC4CF5-8C86-47E1-BA14-04F6E0889E71}.Debug|x64.ActiveCfg = Debug|x64
		{8BFC4CF5-8C86-47E1-BA14-04F6E0889E71}.Debug|x64.Build.0 = Debug|x64
		{8BFC4CF5-8C86-47E1-BA14-04F6E0889E71}.Debug|x86.ActiveCfg = Debug|Win32
		{8BFC4CF5-8C86-47E1-BA14-04F6E0889E71}.Debug|x86.Build.0 = Debug|Win32
		{8BFC4CF5-8C86-47E1-BA14-04F6E0889E71}.Release|x64.ActiveCfg = Release|x64
		{8BFC4CF5-8C86-47E1-BA14-04F6E0889E71}.Release|x64.Build.0 = Release|x64
		{8BFC4CF5-8C86-47E1-BA14-04F6E0889E71}.Release|x86.ActiveCfg = Release|Win32
		{8BFC4CF5-8C86-47E1-BA14-04F6E0889E71}.Release|x86.Build.0 = Release|Win32
		{193115F7-1B51-4741-B48C-4FDBBE8A0796}.Debug|x64.ActiveCfg = Debug|x64
		{193115F7-1B51-4741-B48C-4FDBBE8A0796}.Debug|x64.Build.0 = Debug|x64
		{193115F7-1B51-4741-B48C-4FDBBE8A0796}.Debug|x86.ActiveCfg = Debug|Win32
		{193115F7-1B51-4741-B48C-4FDBBE8A0796}.Debug|x86.Build.0 = Debug|Win32
		{193115F7-1B51-4741-B48C-4FDBBE8A0796}.Release|x64.ActiveCfg = Release|x64
		{193115F7-1B51-4741-B48C-4FDBBE8A0796}.Release|x64.Build.0 = Release|x64
		{193115F7-1B51-4741-B48C-4FDBBE8A0796}.Release|x86.ActiveCfg = Release|Win32
		{193115F7-1B51-4741-B48C-4FDBBE8A0796}.Release|x86.Build.0 = Release|Win32
		{765D86FC-5320-435C-9C9A-7F05F3001257}.Debug|x64.ActiveCfg = Debug|x64
		{765D86FC-5320-435C-9C9A-7F05F3001257}.Debug|x64.Build.0 = Debug|x64
		{765D86FC-5320-435C-9C9A-7F05F3001257}.Debug|x86.ActiveCfg = Debug|Win32
		{765D86FC-5320-435C-9C9A-7F05F3001257}.Debug|x86.Build.0 = Debug|Win32
		{765D86FC-5320-435C-9C9A-7F05F3001257}.Release|x64.ActiveCfg = Release|x64
		{765D86FC-5320-435C-9C9A-7F05F3001257}.Release|x64.Build.0 = Release|x64
		{765D86FC-5320-435C-9C9A-7F05F3001257}.Release|x86.ActiveCfg = Release|Win32
		{765D86FC-5320-435C-9C9A-7F05F3001257}.Release|x86.Build.0 = Release|Win32
		{80A01E50-A5B8-4002-8741-8B96A51A56FB}.Debug|x64.ActiveCfg = Debug|x64
		{80A01E50-A5B8-4002-8741-8B96A51A56FB}.Debug|x64.Build.0 = Debug|x64
		{80A01E50-A5B8-4002-8741-8B96A51A56FB}.Debug|x86.ActiveCfg = Debug|Win32
		{80A01E50-A5B8-4002-8741-8B96A51A56FB}.Debug|x86.Build.0 = Debug|Win32
		{80A01E50-A5B8-4002-8741-8B96A51A56FB}.Release|x64.ActiveCfg = Release|x64
		{80A01E50-A5B8-4002-8741-8B96A51A56FB}.Release|x64.Build.0 = Release|x64
		{80A01E50-A5B8-4002-8741-8B96A51A56FB}.Release|x86.ActiveCfg = Release|Win32
		{80A01E50-A5B8-4002-8741-8B96A51A56FB}.Release|x86.Build.0 = Release|Win32
		{ED004F68-93B1-40E1-95C1-37644025E24D}.Debug|x64.ActiveCfg = Debug|x64
		{ED004F68-93B1-40E1-95C1-37644025E24D}.Debug|x64.Build.0 = Debug|x64
		{ED004F68-93B1-40E1-95C1-37644025E24D}.Debug|x86.ActiveCfg = Debug|Win32
		{ED004F68-93B1-40E1-95C1-37644025E24D}.Debug|x86.Build.0 = Debug|Win32
		{ED004F68-93B1-40E1-95C1-37644025E24D}.Release|x64.ActiveCfg = Release|x64
		{ED004F68-93B1-40E1-95C1-37644025E24D}.Release|x64.Build.0 = Release|x64
		{ED004F68-93B1-40E1-95C1-37644025E24D}.Release|x86.ActiveCfg = Release|Win32
		{ED004F68-93B1-40E1-95C1-37644025E24D}.Release|x86.Build.0 = Release|Win32
	EndGlobalSection
	GlobalSection(SolutionProperties) = preSolution
		HideSolutionNode = FALSE
	EndGlobalSection
	GlobalSection(ExtensibilityGlobals) = postSolution
		SolutionGuid = {EF8FF9D8-9D0B-479A-A02A-884B9D6DB0CC}
	EndGlobalSection
EndGlobal
